
Microsoft Visual Studio Solution File, Format Version 12.00
# Visual Studio Version 17
VisualStudioVersion = 17.4.33205.214
MinimumVisualStudioVersion = 10.0.40219.1
Project("{9A19103F-16F7-4668-BE54-9A1E7A4F7556}") = "EnumComparisionApp", "EnumComparisionApp\EnumComparisionApp.csproj", "{95245F5C-E193-4F1B-84B0-51E995BBBA23}"
EndProject
Project("{2150E333-8FDC-42A3-9474-1A3956D46DE8}") = "Solution Items", "Solution Items", "{AD961A85-87A2-4270-B5E9-27DACCE3CB6D}"
	ProjectSection(SolutionItems) = preProject
		readme.md = readme.md
	EndProjectSection
EndProject
Project("{9A19103F-16F7-4668-BE54-9A1E7A4F7556}") = "EnumToListApp", "EnumToListApp\EnumToListApp.csproj", "{B81F51ED-DAE0-41D8-87D6-586619C1C900}"
EndProject
Project("{9A19103F-16F7-4668-BE54-9A1E7A4F7556}") = "EnumGetDescriptionsApp", "EnumGetDescriptionsApp\EnumGetDescriptionsApp.csproj", "{C4B08CA4-0A16-453A-B163-D5E253E44DB3}"
EndProject
Project("{9A19103F-16F7-4668-BE54-9A1E7A4F7556}") = "DropdownEumRazorPages", "DropdownEumRazorPages\DropdownEumRazorPages.csproj", "{A7E23C7F-C039-41CC-A924-44D7E9BF78D8}"
EndProject
Project("{9A19103F-16F7-4668-BE54-9A1E7A4F7556}") = "SortByColumnNameApp", "SortByColumnNameApp\SortByColumnNameApp.csproj", "{10DB9F9D-3108-484A-B762-EF0D7D50C7FC}"
EndProject
Project("{9A19103F-16F7-4668-BE54-9A1E7A4F7556}") = "EnumHasConversion", "enum-has-conversion\EnumHasConversion.csproj", "{78B6EDAF-7320-40D9-AD60-5D8E49A8449F}"
EndProject
Project("{9A19103F-16F7-4668-BE54-9A1E7A4F7556}") = "EnumHasConversionSample", "EnumHasConversionSample\EnumHasConversionSample.csproj", "{CE0D24E3-EB09-4D22-8BFC-4913B99F3E98}"
EndProject
Project("{9A19103F-16F7-4668-BE54-9A1E7A4F7556}") = "KP_ConsoleAppNet71", "KP_ConsoleAppNet71\KP_ConsoleAppNet71.csproj", "{5072A43C-3840-4C05-A844-3EF375D687F7}"
EndProject
Project("{2150E333-8FDC-42A3-9474-1A3956D46DE8}") = "Class projects", "Class projects", "{7B6402A6-F078-4069-B426-F07DF813F56A}"
EndProject
Project("{9A19103F-16F7-4668-BE54-9A1E7A4F7556}") = "ModelsLibrary", "ModelsLibrary\ModelsLibrary.csproj", "{FD9F070C-9420-41F5-9FA8-30383E47ADEF}"
EndProject
Project("{9A19103F-16F7-4668-BE54-9A1E7A4F7556}") = "EnumGetDescriptions", "EnumGetDescriptions\EnumGetDescriptions.csproj", "{61144E2C-E1D1-4ECF-8301-A58BC99C0877}"
EndProject
Project("{FAE04EC0-301F-11D3-BF4B-00C04F79EFBC}") = "EnumGeneralApp", "EnumGeneralApp\EnumGeneralApp.csproj", "{D4317DFA-54A1-44C2-AF9B-1D1ACBE45300}"
EndProject
Project("{FAE04EC0-301F-11D3-BF4B-00C04F79EFBC}") = "WinFormsListBoxApp", "WinFormsListBoxApp\WinFormsListBoxApp.csproj", "{C511582C-11EF-4291-9506-252A48A1E695}"
EndProject
Project("{2150E333-8FDC-42A3-9474-1A3956D46DE8}") = "Converters", "Converters", "{02EA681E-C7D8-13C7-8484-4AC65E1B71E8}"
EndProject
Project("{FAE04EC0-301F-11D3-BF4B-00C04F79EFBC}") = "WineToJsonApp", "WineToJsonApp\WineToJsonApp.csproj", "{29E80D62-4B7A-4022-82A4-2E2B322E2763}"
EndProject
Global
	GlobalSection(SolutionConfigurationPlatforms) = preSolution
		Debug|Any CPU = Debug|Any CPU
		Release|Any CPU = Release|Any CPU
	EndGlobalSection
	GlobalSection(ProjectConfigurationPlatforms) = postSolution
		{95245F5C-E193-4F1B-84B0-51E995BBBA23}.Debug|Any CPU.ActiveCfg = Debug|Any CPU
		{95245F5C-E193-4F1B-84B0-51E995BBBA23}.Debug|Any CPU.Build.0 = Debug|Any CPU
		{95245F5C-E193-4F1B-84B0-51E995BBBA23}.Release|Any CPU.ActiveCfg = Release|Any CPU
		{95245F5C-E193-4F1B-84B0-51E995BBBA23}.Release|Any CPU.Build.0 = Release|Any CPU
		{B81F51ED-DAE0-41D8-87D6-586619C1C900}.Debug|Any CPU.ActiveCfg = Debug|Any CPU
		{B81F51ED-DAE0-41D8-87D6-586619C1C900}.Debug|Any CPU.Build.0 = Debug|Any CPU
		{B81F51ED-DAE0-41D8-87D6-586619C1C900}.Release|Any CPU.ActiveCfg = Release|Any CPU
		{B81F51ED-DAE0-41D8-87D6-586619C1C900}.Release|Any CPU.Build.0 = Release|Any CPU
		{C4B08CA4-0A16-453A-B163-D5E253E44DB3}.Debug|Any CPU.ActiveCfg = Debug|Any CPU
		{C4B08CA4-0A16-453A-B163-D5E253E44DB3}.Debug|Any CPU.Build.0 = Debug|Any CPU
		{C4B08CA4-0A16-453A-B163-D5E253E44DB3}.Release|Any CPU.ActiveCfg = Release|Any CPU
		{C4B08CA4-0A16-453A-B163-D5E253E44DB3}.Release|Any CPU.Build.0 = Release|Any CPU
		{A7E23C7F-C039-41CC-A924-44D7E9BF78D8}.Debug|Any CPU.ActiveCfg = Debug|Any CPU
		{A7E23C7F-C039-41CC-A924-44D7E9BF78D8}.Debug|Any CPU.Build.0 = Debug|Any CPU
		{A7E23C7F-C039-41CC-A924-44D7E9BF78D8}.Release|Any CPU.ActiveCfg = Release|Any CPU
		{A7E23C7F-C039-41CC-A924-44D7E9BF78D8}.Release|Any CPU.Build.0 = Release|Any CPU
		{10DB9F9D-3108-484A-B762-EF0D7D50C7FC}.Debug|Any CPU.ActiveCfg = Debug|Any CPU
		{10DB9F9D-3108-484A-B762-EF0D7D50C7FC}.Debug|Any CPU.Build.0 = Debug|Any CPU
		{10DB9F9D-3108-484A-B762-EF0D7D50C7FC}.Release|Any CPU.ActiveCfg = Release|Any CPU
		{10DB9F9D-3108-484A-B762-EF0D7D50C7FC}.Release|Any CPU.Build.0 = Release|Any CPU
		{78B6EDAF-7320-40D9-AD60-5D8E49A8449F}.Debug|Any CPU.ActiveCfg = Debug|Any CPU
		{78B6EDAF-7320-40D9-AD60-5D8E49A8449F}.Debug|Any CPU.Build.0 = Debug|Any CPU
		{78B6EDAF-7320-40D9-AD60-5D8E49A8449F}.Release|Any CPU.ActiveCfg = Release|Any CPU
		{78B6EDAF-7320-40D9-AD60-5D8E49A8449F}.Release|Any CPU.Build.0 = Release|Any CPU
		{CE0D24E3-EB09-4D22-8BFC-4913B99F3E98}.Debug|Any CPU.ActiveCfg = Debug|Any CPU
		{CE0D24E3-EB09-4D22-8BFC-4913B99F3E98}.Debug|Any CPU.Build.0 = Debug|Any CPU
		{CE0D24E3-EB09-4D22-8BFC-4913B99F3E98}.Release|Any CPU.ActiveCfg = Release|Any CPU
		{CE0D24E3-EB09-4D22-8BFC-4913B99F3E98}.Release|Any CPU.Build.0 = Release|Any CPU
		{5072A43C-3840-4C05-A844-3EF375D687F7}.Debug|Any CPU.ActiveCfg = Debug|Any CPU
		{5072A43C-3840-4C05-A844-3EF375D687F7}.Debug|Any CPU.Build.0 = Debug|Any CPU
		{5072A43C-3840-4C05-A844-3EF375D687F7}.Release|Any CPU.ActiveCfg = Release|Any CPU
		{5072A43C-3840-4C05-A844-3EF375D687F7}.Release|Any CPU.Build.0 = Release|Any CPU
		{FD9F070C-9420-41F5-9FA8-30383E47ADEF}.Debug|Any CPU.ActiveCfg = Debug|Any CPU
		{FD9F070C-9420-41F5-9FA8-30383E47ADEF}.Debug|Any CPU.Build.0 = Debug|Any CPU
		{FD9F070C-9420-41F5-9FA8-30383E47ADEF}.Release|Any CPU.ActiveCfg = Release|Any CPU
		{FD9F070C-9420-41F5-9FA8-30383E47ADEF}.Release|Any CPU.Build.0 = Release|Any CPU
		{61144E2C-E1D1-4ECF-8301-A58BC99C0877}.Debug|Any CPU.ActiveCfg = Debug|Any CPU
		{61144E2C-E1D1-4ECF-8301-A58BC99C0877}.Debug|Any CPU.Build.0 = Debug|Any CPU
		{61144E2C-E1D1-4ECF-8301-A58BC99C0877}.Release|Any CPU.ActiveCfg = Release|Any CPU
		{61144E2C-E1D1-4ECF-8301-A58BC99C0877}.Release|Any CPU.Build.0 = Release|Any CPU
		{D4317DFA-54A1-44C2-AF9B-1D1ACBE45300}.Debug|Any CPU.ActiveCfg = Debug|Any CPU
		{D4317DFA-54A1-44C2-AF9B-1D1ACBE45300}.Debug|Any CPU.Build.0 = Debug|Any CPU
		{D4317DFA-54A1-44C2-AF9B-1D1ACBE45300}.Release|Any CPU.ActiveCfg = Release|Any CPU
		{D4317DFA-54A1-44C2-AF9B-1D1ACBE45300}.Release|Any CPU.Build.0 = Release|Any CPU
		{C511582C-11EF-4291-9506-252A48A1E695}.Debug|Any CPU.ActiveCfg = Debug|Any CPU
		{C511582C-11EF-4291-9506-252A48A1E695}.Debug|Any CPU.Build.0 = Debug|Any CPU
		{C511582C-11EF-4291-9506-252A48A1E695}.Release|Any CPU.ActiveCfg = Release|Any CPU
		{C511582C-11EF-4291-9506-252A48A1E695}.Release|Any CPU.Build.0 = Release|Any CPU
		{29E80D62-4B7A-4022-82A4-2E2B322E2763}.Debug|Any CPU.ActiveCfg = Debug|Any CPU
		{29E80D62-4B7A-4022-82A4-2E2B322E2763}.Debug|Any CPU.Build.0 = Debug|Any CPU
		{29E80D62-4B7A-4022-82A4-2E2B322E2763}.Release|Any CPU.ActiveCfg = Release|Any CPU
		{29E80D62-4B7A-4022-82A4-2E2B322E2763}.Release|Any CPU.Build.0 = Release|Any CPU
	EndGlobalSection
	GlobalSection(SolutionProperties) = preSolution
		HideSolutionNode = FALSE
	EndGlobalSection
	GlobalSection(NestedProjects) = preSolution
		{FD9F070C-9420-41F5-9FA8-30383E47ADEF} = {7B6402A6-F078-4069-B426-F07DF813F56A}
		{29E80D62-4B7A-4022-82A4-2E2B322E2763} = {02EA681E-C7D8-13C7-8484-4AC65E1B71E8}
	EndGlobalSection
	GlobalSection(ExtensibilityGlobals) = postSolution
		SolutionGuid = {19B0CC37-558B-4659-8E36-67B3EAE8E133}
	EndGlobalSection
EndGlobal
